// !$*UTF8*$!
{
	archiveVersion = 1;
	classes = {
	};
	objectVersion = 56;
	objects = {

/* Begin PBXBuildFile section */
		076850A42F6E358C00DF32CF /* AppIcon.icon in Resources */ = {isa = PBXBuildFile; fileRef = 076850A32F6E358C00DF32CF /* AppIcon.icon */; };
		A10000000000000000000001 /* RoutineRunnerApp.swift in Sources */ = {isa = PBXBuildFile; fileRef = B10000000000000000000001 /* RoutineRunnerApp.swift */; };
		A10000000000000000000002 /* Routine.swift in Sources */ = {isa = PBXBuildFile; fileRef = B10000000000000000000002 /* Routine.swift */; };
		A10000000000000000000003 /* AppSettings.swift in Sources */ = {isa = PBXBuildFile; fileRef = B10000000000000000000003 /* AppSettings.swift */; };
		A10000000000000000000004 /* MarkdownParser.swift in Sources */ = {isa = PBXBuildFile; fileRef = B10000000000000000000004 /* MarkdownParser.swift */; };
		A10000000000000000000005 /* GitSyncService.swift in Sources */ = {isa = PBXBuildFile; fileRef = B10000000000000000000005 /* GitSyncService.swift */; };
		A10000000000000000000006 /* RoutineStore.swift in Sources */ = {isa = PBXBuildFile; fileRef = B10000000000000000000006 /* RoutineStore.swift */; };
		A10000000000000000000007 /* RoutineListView.swift in Sources */ = {isa = PBXBuildFile; fileRef = B10000000000000000000007 /* RoutineListView.swift */; };
		A10000000000000000000008 /* RoutineDetailView.swift in Sources */ = {isa = PBXBuildFile; fileRef = B10000000000000000000008 /* RoutineDetailView.swift */; };
		A10000000000000000000009 /* RoutinePlayerView.swift in Sources */ = {isa = PBXBuildFile; fileRef = B10000000000000000000009 /* RoutinePlayerView.swift */; };
		A1000000000000000000000A /* SettingsView.swift in Sources */ = {isa = PBXBuildFile; fileRef = B1000000000000000000000A /* SettingsView.swift */; };
		A1000000000000000000000B /* Assets.xcassets in Resources */ = {isa = PBXBuildFile; fileRef = B1000000000000000000000B /* Assets.xcassets */; };
		AA000000000000000000A001 /* RoutineActivityAttributes.swift in Sources */ = {isa = PBXBuildFile; fileRef = AA000000000000000000B001 /* RoutineActivityAttributes.swift */; };
		AA000000000000000000A002 /* LiveActivityManager.swift in Sources */ = {isa = PBXBuildFile; fileRef = AA000000000000000000B002 /* LiveActivityManager.swift */; };
		AA000000000000000000A003 /* RoutineActivityAttributes.swift in Sources */ = {isa = PBXBuildFile; fileRef = AA000000000000000000B001 /* RoutineActivityAttributes.swift */; };
		AA000000000000000000A004 /* RoutineActivitiesBundle.swift in Sources */ = {isa = PBXBuildFile; fileRef = AA000000000000000000B003 /* RoutineActivitiesBundle.swift */; };
		AA000000000000000000A005 /* RoutineActivitiesLiveActivity.swift in Sources */ = {isa = PBXBuildFile; fileRef = AA000000000000000000B004 /* RoutineActivitiesLiveActivity.swift */; };
		AA000000000000000000A006 /* RoutineActivities.appex in Embed App Extensions */ = {isa = PBXBuildFile; fileRef = AA000000000000000000C001 /* RoutineActivities.appex */; settings = {ATTRIBUTES = (RemoveHeadersOnCopy, ); }; };
/* End PBXBuildFile section */

/* Begin PBXContainerItemProxy section */
		AA000000000000000000D001 /* PBXContainerItemProxy */ = {
			isa = PBXContainerItemProxy;
			containerPortal = F10000000000000000000010 /* Project object */;
			proxyType = 1;
			remoteGlobalIDString = AA000000000000000000F001;
			remoteInfo = RoutineActivities;
		};
/* End PBXContainerItemProxy section */

/* Begin PBXCopyFilesBuildPhase section */
		AA000000000000000000E001 /* Embed App Extensions */ = {
			isa = PBXCopyFilesBuildPhase;
			buildActionMask = 2147483647;
			dstPath = "";
			dstSubfolderSpec = 13;
			files = (
				AA000000000000000000A006 /* RoutineActivities.appex in Embed App Extensions */,
			);
			name = "Embed App Extensions";
			runOnlyForDeploymentPostprocessing = 0;
		};
/* End PBXCopyFilesBuildPhase section */

/* Begin PBXFileReference section */
		076850A32F6E358C00DF32CF /* AppIcon.icon */ = {isa = PBXFileReference; lastKnownFileType = folder.iconcomposer.icon; path = AppIcon.icon; sourceTree = "<group>"; };
		B10000000000000000000001 /* RoutineRunnerApp.swift */ = {isa = PBXFileReference; lastKnownFileType = sourcecode.swift; path = RoutineRunnerApp.swift; sourceTree = "<group>"; };
		B10000000000000000000002 /* Routine.swift */ = {isa = PBXFileReference; lastKnownFileType = sourcecode.swift; path = Routine.swift; sourceTree = "<group>"; };
		B10000000000000000000003 /* AppSettings.swift */ = {isa = PBXFileReference; lastKnownFileType = sourcecode.swift; path = AppSettings.swift; sourceTree = "<group>"; };
		B10000000000000000000004 /* MarkdownParser.swift */ = {isa = PBXFileReference; lastKnownFileType = sourcecode.swift; path = MarkdownParser.swift; sourceTree = "<group>"; };
		B10000000000000000000005 /* GitSyncService.swift */ = {isa = PBXFileReference; lastKnownFileType = sourcecode.swift; path = GitSyncService.swift; sourceTree = "<group>"; };
		B10000000000000000000006 /* RoutineStore.swift */ = {isa = PBXFileReference; lastKnownFileType = sourcecode.swift; path = RoutineStore.swift; sourceTree = "<group>"; };
		B10000000000000000000007 /* RoutineListView.swift */ = {isa = PBXFileReference; lastKnownFileType = sourcecode.swift; path = RoutineListView.swift; sourceTree = "<group>"; };
		B10000000000000000000008 /* RoutineDetailView.swift */ = {isa = PBXFileReference; lastKnownFileType = sourcecode.swift; path = RoutineDetailView.swift; sourceTree = "<group>"; };
		B10000000000000000000009 /* RoutinePlayerView.swift */ = {isa = PBXFileReference; lastKnownFileType = sourcecode.swift; path = RoutinePlayerView.swift; sourceTree = "<group>"; };
		B1000000000000000000000A /* SettingsView.swift */ = {isa = PBXFileReference; lastKnownFileType = sourcecode.swift; path = SettingsView.swift; sourceTree = "<group>"; };
		B1000000000000000000000B /* Assets.xcassets */ = {isa = PBXFileReference; lastKnownFileType = folder.assetcatalog; path = Assets.xcassets; sourceTree = "<group>"; };
		C10000000000000000000001 /* RoutineRunner.app */ = {isa = PBXFileReference; explicitFileType = wrapper.application; includeInIndex = 0; path = RoutineRunner.app; sourceTree = BUILT_PRODUCTS_DIR; };
		AA000000000000000000B001 /* RoutineActivityAttributes.swift */ = {isa = PBXFileReference; lastKnownFileType = sourcecode.swift; path = RoutineActivityAttributes.swift; sourceTree = "<group>"; };
		AA000000000000000000B002 /* LiveActivityManager.swift */ = {isa = PBXFileReference; lastKnownFileType = sourcecode.swift; path = LiveActivityManager.swift; sourceTree = "<group>"; };
		AA000000000000000000B003 /* RoutineActivitiesBundle.swift */ = {isa = PBXFileReference; lastKnownFileType = sourcecode.swift; path = RoutineActivitiesBundle.swift; sourceTree = "<group>"; };
		AA000000000000000000B004 /* RoutineActivitiesLiveActivity.swift */ = {isa = PBXFileReference; lastKnownFileType = sourcecode.swift; path = RoutineActivitiesLiveActivity.swift; sourceTree = "<group>"; };
		AA000000000000000000C001 /* RoutineActivities.appex */ = {isa = PBXFileReference; explicitFileType = "wrapper.app-extension"; includeInIndex = 0; path = RoutineActivities.appex; sourceTree = BUILT_PRODUCTS_DIR; };
/* End PBXFileReference section */

/* Begin PBXFrameworksBuildPhase section */
		D10000000000000000000001 /* Frameworks */ = {
			isa = PBXFrameworksBuildPhase;
			buildActionMask = 2147483647;
			files = (
			);
			runOnlyForDeploymentPostprocessing = 0;
		};
		AA000000000000000000E002 /* Frameworks */ = {
			isa = PBXFrameworksBuildPhase;
			buildActionMask = 2147483647;
			files = (
			);
			runOnlyForDeploymentPostprocessing = 0;
		};
/* End PBXFrameworksBuildPhase section */

/* Begin PBXGroup section */
		E10000000000000000000001 = {
			isa = PBXGroup;
			children = (
				E10000000000000000000002 /* Sources */,
				AA000000000000000000E010 /* RoutineActivities */,
				E10000000000000000000008 /* Resources */,
				E10000000000000000000009 /* Products */,
			);
			sourceTree = "<group>";
		};
		E10000000000000000000002 /* Sources */ = {
			isa = PBXGroup;
			children = (
				E10000000000000000000003 /* App */,
				E10000000000000000000004 /* Models */,
				E10000000000000000000005 /* Parser */,
				E10000000000000000000006 /* Services */,
				E10000000000000000000007 /* Views */,
			);
			path = Sources;
			sourceTree = "<group>";
		};
		E10000000000000000000003 /* App */ = {
			isa = PBXGroup;
			children = (
				B10000000000000000000001 /* RoutineRunnerApp.swift */,
			);
			path = App;
			sourceTree = "<group>";
		};
		E10000000000000000000004 /* Models */ = {
			isa = PBXGroup;
			children = (
				B10000000000000000000002 /* Routine.swift */,
				B10000000000000000000003 /* AppSettings.swift */,
				AA000000000000000000B001 /* RoutineActivityAttributes.swift */,
			);
			path = Models;
			sourceTree = "<group>";
		};
		E10000000000000000000005 /* Parser */ = {
			isa = PBXGroup;
			children = (
				B10000000000000000000004 /* MarkdownParser.swift */,
			);
			path = Parser;
			sourceTree = "<group>";
		};
		E10000000000000000000006 /* Services */ = {
			isa = PBXGroup;
			children = (
				B10000000000000000000005 /* GitSyncService.swift */,
				B10000000000000000000006 /* RoutineStore.swift */,
				AA000000000000000000B002 /* LiveActivityManager.swift */,
			);
			path = Services;
			sourceTree = "<group>";
		};
		E10000000000000000000007 /* Views */ = {
			isa = PBXGroup;
			children = (
				B10000000000000000000007 /* RoutineListView.swift */,
				B10000000000000000000008 /* RoutineDetailView.swift */,
				B10000000000000000000009 /* RoutinePlayerView.swift */,
				B1000000000000000000000A /* SettingsView.swift */,
			);
			path = Views;
			sourceTree = "<group>";
		};
		E10000000000000000000008 /* Resources */ = {
			isa = PBXGroup;
			children = (
				B1000000000000000000000B /* Assets.xcassets */,
				076850A32F6E358C00DF32CF /* AppIcon.icon */,
			);
			path = Resources;
			sourceTree = "<group>";
		};
		E10000000000000000000009 /* Products */ = {
			isa = PBXGroup;
			children = (
				C10000000000000000000001 /* RoutineRunner.app */,
				AA000000000000000000C001 /* RoutineActivities.appex */,
			);
			name = Products;
			sourceTree = "<group>";
		};
		AA000000000000000000E010 /* RoutineActivities */ = {
			isa = PBXGroup;
			children = (
				AA000000000000000000B003 /* RoutineActivitiesBundle.swift */,
				AA000000000000000000B004 /* RoutineActivitiesLiveActivity.swift */,
			);
			path = RoutineActivities;
			sourceTree = "<group>";
		};
/* End PBXGroup section */

/* Begin PBXNativeTarget section */
		F10000000000000000000001 /* RoutineRunner */ = {
			isa = PBXNativeTarget;
			buildConfigurationList = F20000000000000000000003 /* Build configuration list for PBXNativeTarget "RoutineRunner" */;
			buildPhases = (
				F10000000000000000000002 /* Sources */,
				D10000000000000000000001 /* Frameworks */,
				F10000000000000000000003 /* Resources */,
				AA000000000000000000E001 /* Embed App Extensions */,
			);
			buildRules = (
			);
			dependencies = (
				AA000000000000000000D002 /* PBXTargetDependency */,
			);
			name = RoutineRunner;
			productName = RoutineRunner;
			productReference = C10000000000000000000001 /* RoutineRunner.app */;
			productType = "com.apple.product-type.application";
		};
		AA000000000000000000F001 /* RoutineActivities */ = {
			isa = PBXNativeTarget;
			buildConfigurationList = AA000000000000000000F010 /* Build configuration list for PBXNativeTarget "RoutineActivities" */;
			buildPhases = (
				AA000000000000000000E003 /* Sources */,
				AA000000000000000000E002 /* Frameworks */,
				AA000000000000000000E004 /* Resources */,
			);
			buildRules = (
			);
			dependencies = (
			);
			name = RoutineActivities;
			productName = RoutineActivities;
			productReference = AA000000000000000000C001 /* RoutineActivities.appex */;
			productType = "com.apple.product-type.app-extension";
		};
/* End PBXNativeTarget section */

/* Begin PBXProject section */
		F10000000000000000000010 /* Project object */ = {
			isa = PBXProject;
			attributes = {
				BuildIndependentTargetsInParallel = 1;
				LastSwiftUpdateCheck = 1500;
				LastUpgradeCheck = 2620;
				TargetAttributes = {
					F10000000000000000000001 = {
						CreatedOnToolsVersion = 15.0;
					};
					AA000000000000000000F001 = {
						CreatedOnToolsVersion = 15.0;
					};
				};
			};
			buildConfigurationList = F20000000000000000000001 /* Build configuration list for PBXProject "RoutineRunner" */;
			compatibilityVersion = "Xcode 14.0";
			developmentRegion = en;
			hasScannedForEncodings = 0;
			knownRegions = (
				en,
				Base,
			);
			mainGroup = E10000000000000000000001;
			productRefGroup = E10000000000000000000009 /* Products */;
			projectDirPath = "";
			projectRoot = "";
			targets = (
				F10000000000000000000001 /* RoutineRunner */,
				AA000000000000000000F001 /* RoutineActivities */,
			);
		};
/* End PBXProject section */

/* Begin PBXResourcesBuildPhase section */
		F10000000000000000000003 /* Resources */ = {
			isa = PBXResourcesBuildPhase;
			buildActionMask = 2147483647;
			files = (
				A1000000000000000000000B /* Assets.xcassets in Resources */,
				076850A42F6E358C00DF32CF /* AppIcon.icon in Resources */,
			);
			runOnlyForDeploymentPostprocessing = 0;
		};
		AA000000000000000000E004 /* Resources */ = {
			isa = PBXResourcesBuildPhase;
			buildActionMask = 2147483647;
			files = (
			);
			runOnlyForDeploymentPostprocessing = 0;
		};
/* End PBXResourcesBuildPhase section */

/* Begin PBXSourcesBuildPhase section */
		F10000000000000000000002 /* Sources */ = {
			isa = PBXSourcesBuildPhase;
			buildActionMask = 2147483647;
			files = (
				A10000000000000000000001 /* RoutineRunnerApp.swift in Sources */,
				A10000000000000000000002 /* Routine.swift in Sources */,
				A10000000000000000000003 /* AppSettings.swift in Sources */,
				A10000000000000000000004 /* MarkdownParser.swift in Sources */,
				A10000000000000000000005 /* GitSyncService.swift in Sources */,
				A10000000000000000000006 /* RoutineStore.swift in Sources */,
				A10000000000000000000007 /* RoutineListView.swift in Sources */,
				A10000000000000000000008 /* RoutineDetailView.swift in Sources */,
				A10000000000000000000009 /* RoutinePlayerView.swift in Sources */,
				A1000000000000000000000A /* SettingsView.swift in Sources */,
				AA000000000000000000A001 /* RoutineActivityAttributes.swift in Sources */,
				AA000000000000000000A002 /* LiveActivityManager.swift in Sources */,
			);
			runOnlyForDeploymentPostprocessing = 0;
		};
		AA000000000000000000E003 /* Sources */ = {
			isa = PBXSourcesBuildPhase;
			buildActionMask = 2147483647;
			files = (
				AA000000000000000000A003 /* RoutineActivityAttributes.swift in Sources */,
				AA000000000000000000A004 /* RoutineActivitiesBundle.swift in Sources */,
				AA000000000000000000A005 /* RoutineActivitiesLiveActivity.swift in Sources */,
			);
			runOnlyForDeploymentPostprocessing = 0;
		};
/* End PBXSourcesBuildPhase section */

/* Begin PBXTargetDependency section */
		AA000000000000000000D002 /* PBXTargetDependency */ = {
			isa = PBXTargetDependency;
			target = AA000000000000000000F001 /* RoutineActivities */;
			targetProxy = AA000000000000000000D001 /* PBXContainerItemProxy */;
		};
/* End PBXTargetDependency section */

/* Begin XCBuildConfiguration section */
		F20000000000000000000010 /* Debug */ = {
			isa = XCBuildConfiguration;
			buildSettings = {
				ALWAYS_SEARCH_USER_PATHS = NO;
				ASSETCATALOG_COMPILER_GENERATE_SWIFT_ASSET_SYMBOL_EXTENSIONS = YES;
				CLANG_ANALYZER_NONNULL = YES;
				CLANG_ANALYZER_NUMBER_OBJECT_CONVERSION = YES_AGGRESSIVE;
				CLANG_CXX_LANGUAGE_STANDARD = "gnu++20";
				CLANG_ENABLE_MODULES = YES;
				CLANG_ENABLE_OBJC_ARC = YES;
				CLANG_ENABLE_OBJC_WEAK = YES;
				CLANG_WARN_BLOCK_CAPTURE_AUTORELEASING = YES;
				CLANG_WARN_BOOL_CONVERSION = YES;
				CLANG_WARN_COMMA = YES;
				CLANG_WARN_CONSTANT_CONVERSION = YES;
				CLANG_WARN_DEPRECATED_OBJC_IMPLEMENTATIONS = YES;
				CLANG_WARN_DIRECT_OBJC_ISA_USAGE = YES_ERROR;
				CLANG_WARN_DOCUMENTATION_COMMENTS = YES;
				CLANG_WARN_EMPTY_BODY = YES;
				CLANG_WARN_ENUM_CONVERSION = YES;
				CLANG_WARN_INFINITE_RECURSION = YES;
				CLANG_WARN_INT_CONVERSION = YES;
				CLANG_WARN_NON_LITERAL_NULL_CONVERSION = YES;
				CLANG_WARN_OBJC_IMPLICIT_RETAIN_SELF = YES;
				CLANG_WARN_OBJC_LITERAL_CONVERSION = YES;
				CLANG_WARN_OBJC_ROOT_CLASS = YES_ERROR;
				CLANG_WARN_QUOTED_INCLUDE_IN_FRAMEWORK_HEADER = YES;
				CLANG_WARN_RANGE_LOOP_ANALYSIS = YES;
				CLANG_WARN_STRICT_PROTOTYPES = YES;
				CLANG_WARN_SUSPICIOUS_MOVE = YES;
				CLANG_WARN_UNGUARDED_AVAILABILITY = YES_AGGRESSIVE;
				CLANG_WARN_UNREACHABLE_CODE = YES;
				CLANG_WARN__DUPLICATE_METHOD_MATCH = YES;
				COPY_PHASE_STRIP = NO;
				DEBUG_INFORMATION_FORMAT = dwarf;
				DEVELOPMENT_TEAM = UHJDRL8ZSN;
				ENABLE_STRICT_OBJC_MSGSEND = YES;
				ENABLE_TESTABILITY = YES;
				ENABLE_USER_SCRIPT_SANDBOXING = YES;
				GCC_C_LANGUAGE_STANDARD = gnu17;
				GCC_DYNAMIC_NO_PIC = NO;
				GCC_NO_COMMON_BLOCKS = YES;
				GCC_OPTIMIZATION_LEVEL = 0;
				GCC_PREPROCESSOR_DEFINITIONS = (
					"DEBUG=1",
					"$(inherited)",
				);
				GCC_WARN_64_TO_32_BIT_CONVERSION = YES;
				GCC_WARN_ABOUT_RETURN_TYPE = YES_ERROR;
				GCC_WARN_UNDECLARED_SELECTOR = YES;
				GCC_WARN_UNINITIALIZED_AUTOS = YES_AGGRESSIVE;
				GCC_WARN_UNUSED_FUNCTION = YES;
				GCC_WARN_UNUSED_VARIABLE = YES;
				IPHONEOS_DEPLOYMENT_TARGET = 16.2;
				MTL_ENABLE_DEBUG_INFO = INCLUDE_SOURCE;
				MTL_FAST_MATH = YES;
				ONLY_ACTIVE_ARCH = YES;
				SDKROOT = iphoneos;
				STRING_CATALOG_GENERATE_SYMBOLS = YES;
				SWIFT_ACTIVE_COMPILATION_CONDITIONS = "$(inherited) DEBUG";
				SWIFT_OPTIMIZATION_LEVEL = "-Onone";
			};
			name = Debug;
		};
		F20000000000000000000011 /* Release */ = {
			isa = XCBuildConfiguration;
			buildSettings = {
				ALWAYS_SEARCH_USER_PATHS = NO;
				ASSETCATALOG_COMPILER_GENERATE_SWIFT_ASSET_SYMBOL_EXTENSIONS = YES;
				CLANG_ANALYZER_NONNULL = YES;
				CLANG_ANALYZER_NUMBER_OBJECT_CONVERSION = YES_AGGRESSIVE;
				CLANG_CXX_LANGUAGE_STANDARD = "gnu++20";
				CLANG_ENABLE_MODULES = YES;
				CLANG_ENABLE_OBJC_ARC = YES;
				CLANG_ENABLE_OBJC_WEAK = YES;
				CLANG_WARN_BLOCK_CAPTURE_AUTORELEASING = YES;
				CLANG_WARN_BOOL_CONVERSION = YES;
				CLANG_WARN_COMMA = YES;
				CLANG_WARN_CONSTANT_CONVERSION = YES;
				CLANG_WARN_DEPRECATED_OBJC_IMPLEMENTATIONS = YES;
				CLANG_WARN_DIRECT_OBJC_ISA_USAGE = YES_ERROR;
				CLANG_WARN_DOCUMENTATION_COMMENTS = YES;
				CLANG_WARN_EMPTY_BODY = YES;
				CLANG_WARN_ENUM_CONVERSION = YES;
				CLANG_WARN_INFINITE_RECURSION = YES;
				CLANG_WARN_INT_CONVERSION = YES;
				CLANG_WARN_NON_LITERAL_NULL_CONVERSION = YES;
				CLANG_WARN_OBJC_IMPLICIT_RETAIN_SELF = YES;
				CLANG_WARN_OBJC_LITERAL_CONVERSION = YES;
				CLANG_WARN_OBJC_ROOT_CLASS = YES_ERROR;
				CLANG_WARN_QUOTED_INCLUDE_IN_FRAMEWORK_HEADER = YES;
				CLANG_WARN_RANGE_LOOP_ANALYSIS = YES;
				CLANG_WARN_STRICT_PROTOTYPES = YES;
				CLANG_WARN_SUSPICIOUS_MOVE = YES;
				CLANG_WARN_UNGUARDED_AVAILABILITY = YES_AGGRESSIVE;
				CLANG_WARN_UNREACHABLE_CODE = YES;
				CLANG_WARN__DUPLICATE_METHOD_MATCH = YES;
				COPY_PHASE_STRIP = NO;
				DEBUG_INFORMATION_FORMAT = "dwarf-with-dsym";
				DEVELOPMENT_TEAM = UHJDRL8ZSN;
				ENABLE_NS_ASSERTIONS = NO;
				ENABLE_STRICT_OBJC_MSGSEND = YES;
				ENABLE_USER_SCRIPT_SANDBOXING = YES;
				GCC_C_LANGUAGE_STANDARD = gnu17;
				GCC_NO_COMMON_BLOCKS = YES;
				GCC_WARN_64_TO_32_BIT_CONVERSION = YES;
				GCC_WARN_ABOUT_RETURN_TYPE = YES_ERROR;
				GCC_WARN_UNDECLARED_SELECTOR = YES;
				GCC_WARN_UNINITIALIZED_AUTOS = YES_AGGRESSIVE;
				GCC_WARN_UNUSED_FUNCTION = YES;
				GCC_WARN_UNUSED_VARIABLE = YES;
				IPHONEOS_DEPLOYMENT_TARGET = 16.2;
				MTL_ENABLE_DEBUG_INFO = NO;
				MTL_FAST_MATH = YES;
				SDKROOT = iphoneos;
				STRING_CATALOG_GENERATE_SYMBOLS = YES;
				SWIFT_COMPILATION_MODE = wholemodule;
				VALIDATE_PRODUCT = YES;
			};
			name = Release;
		};
		F20000000000000000000020 /* Debug */ = {
			isa = XCBuildConfiguration;
			buildSettings = {
				ASSETCATALOG_COMPILER_APPICON_NAME = RoutineRunner;
				ASSETCATALOG_COMPILER_GLOBAL_ACCENT_COLOR_NAME = AccentColor;
				CODE_SIGN_STYLE = Automatic;
				CURRENT_PROJECT_VERSION = 1;
				GENERATE_INFOPLIST_FILE = YES;
				INFOPLIST_KEY_CFBundleDisplayName = Routines;
				INFOPLIST_KEY_NSSupportsLiveActivities = YES;
				INFOPLIST_KEY_UIApplicationSceneManifest_Generation = YES;
				INFOPLIST_KEY_UIApplicationSupportsIndirectInputEvents = YES;
				INFOPLIST_KEY_UILaunchScreen_Generation = YES;
				INFOPLIST_KEY_UISupportedInterfaceOrientations_iPhone = UIInterfaceOrientationPortrait;
				IPHONEOS_DEPLOYMENT_TARGET = 16.2;
				LD_RUNPATH_SEARCH_PATHS = (
					"$(inherited)",
					"@executable_path/Frameworks",
				);
				MARKETING_VERSION = 1.0;
				PRODUCT_BUNDLE_IDENTIFIER = com.personal.RoutineRunner;
				PRODUCT_NAME = "$(TARGET_NAME)";
				SWIFT_EMIT_LOC_STRINGS = YES;
				SWIFT_VERSION = 5.0;
				TARGETED_DEVICE_FAMILY = "1,2";
			};
			name = Debug;
		};
		F20000000000000000000021 /* Release */ = {
			isa = XCBuildConfiguration;
			buildSettings = {
				ASSETCATALOG_COMPILER_APPICON_NAME = RoutineRunner;
				ASSETCATALOG_COMPILER_GLOBAL_ACCENT_COLOR_NAME = AccentColor;
				CODE_SIGN_STYLE = Automatic;
				CURRENT_PROJECT_VERSION = 1;
				GENERATE_INFOPLIST_FILE = YES;
				INFOPLIST_KEY_CFBundleDisplayName = Routines;
				INFOPLIST_KEY_NSSupportsLiveActivities = YES;
				INFOPLIST_KEY_UIApplicationSceneManifest_Generation = YES;
				INFOPLIST_KEY_UIApplicationSupportsIndirectInputEvents = YES;
				INFOPLIST_KEY_UILaunchScreen_Generation = YES;
				INFOPLIST_KEY_UISupportedInterfaceOrientations_iPhone = UIInterfaceOrientationPortrait;
				IPHONEOS_DEPLOYMENT_TARGET = 16.2;
				LD_RUNPATH_SEARCH_PATHS = (
					"$(inherited)",
					"@executable_path/Frameworks",
				);
				MARKETING_VERSION = 1.0;
				PRODUCT_BUNDLE_IDENTIFIER = com.personal.RoutineRunner;
				PRODUCT_NAME = "$(TARGET_NAME)";
				SWIFT_EMIT_LOC_STRINGS = YES;
				SWIFT_VERSION = 5.0;
				TARGETED_DEVICE_FAMILY = "1,2";
			};
			name = Release;
		};
		AA000000000000000000F020 /* Debug */ = {
			isa = XCBuildConfiguration;
			buildSettings = {
				CODE_SIGN_STYLE = Automatic;
				CURRENT_PROJECT_VERSION = 1;
				DEVELOPMENT_TEAM = UHJDRL8ZSN;
				GENERATE_INFOPLIST_FILE = YES;
				INFOPLIST_KEY_CFBundleDisplayName = RoutineActivities;
				INFOPLIST_KEY_NSHumanReadableCopyright = "";
				IPHONEOS_DEPLOYMENT_TARGET = 16.2;
				LD_RUNPATH_SEARCH_PATHS = (
					"$(inherited)",
					"@executable_path/Frameworks",
					"@executable_path/../../Frameworks",
				);
				MARKETING_VERSION = 1.0;
				PRODUCT_BUNDLE_IDENTIFIER = com.personal.RoutineRunner.RoutineActivities;
				PRODUCT_NAME = "$(TARGET_NAME)";
				SKIP_INSTALL = YES;
				SWIFT_EMIT_LOC_STRINGS = YES;
				SWIFT_VERSION = 5.0;
				TARGETED_DEVICE_FAMILY = "1,2";
			};
			name = Debug;
		};
		AA000000000000000000F021 /* Release */ = {
			isa = XCBuildConfiguration;
			buildSettings = {
				CODE_SIGN_STYLE = Automatic;
				CURRENT_PROJECT_VERSION = 1;
				DEVELOPMENT_TEAM = UHJDRL8ZSN;
				GENERATE_INFOPLIST_FILE = YES;
				INFOPLIST_KEY_CFBundleDisplayName = RoutineActivities;
				INFOPLIST_KEY_NSHumanReadableCopyright = "";
				IPHONEOS_DEPLOYMENT_TARGET = 16.2;
				LD_RUNPATH_SEARCH_PATHS = (
					"$(inherited)",
					"@executable_path/Frameworks",
					"@executable_path/../../Frameworks",
				);
				MARKETING_VERSION = 1.0;
				PRODUCT_BUNDLE_IDENTIFIER = com.personal.RoutineRunner.RoutineActivities;
				PRODUCT_NAME = "$(TARGET_NAME)";
				SKIP_INSTALL = YES;
				SWIFT_EMIT_LOC_STRINGS = YES;
				SWIFT_VERSION = 5.0;
				TARGETED_DEVICE_FAMILY = "1,2";
			};
			name = Release;
		};
/* End XCBuildConfiguration section */

/* Begin XCConfigurationList section */
		F20000000000000000000001 /* Build configuration list for PBXProject "RoutineRunner" */ = {
			isa = XCConfigurationList;
			buildConfigurations = (
				F20000000000000000000010 /* Debug */,
				F20000000000000000000011 /* Release */,
			);
			defaultConfigurationIsVisible = 0;
			defaultConfigurationName = Release;
		};
		F20000000000000000000003 /* Build configuration list for PBXNativeTarget "RoutineRunner" */ = {
			isa = XCConfigurationList;
			buildConfigurations = (
				F20000000000000000000020 /* Debug */,
				F20000000000000000000021 /* Release */,
			);
			defaultConfigurationIsVisible = 0;
			defaultConfigurationName = Release;
		};
		AA000000000000000000F010 /* Build configuration list for PBXNativeTarget "RoutineActivities" */ = {
			isa = XCConfigurationList;
			buildConfigurations = (
				AA000000000000000000F020 /* Debug */,
				AA000000000000000000F021 /* Release */,
			);
			defaultConfigurationIsVisible = 0;
			defaultConfigurationName = Release;
		};
/* End XCConfigurationList section */
	};
	rootObject = F10000000000000000000010 /* Project object */;
}
